
Microsoft Visual Studio Solution File, Format Version 12.00
# Visual Studio 15
VisualStudioVersion = 15.0.28010.2026
MinimumVisualStudioVersion = 10.0.40219.1
Project("{FAE04EC0-301F-11D3-BF4B-00C04F79EFBC}") = "Stopwatch", "Stopwatch\Stopwatch.csproj", "{1CBA0892-0E8A-439E-88E1-D56B31E1EE36}"
EndProject
Global
	GlobalSection(SolutionConfigurationPlatforms) = preSolution
		Debug|Any CPU = Debug|Any CPU
		Release|Any CPU = Release|Any CPU
	EndGlobalSection
	GlobalSection(ProjectConfigurationPlatforms) = postSolution
		{1CBA0892-0E8A-439E-88E1-D56B31E1EE36}.Debug|Any CPU.ActiveCfg = Debug|Any CPU
		{1CBA0892-0E8A-439E-88E1-D56B31E1EE36}.Debug|Any CPU.Build.0 = Debug|Any CPU
		{1CBA0892-0E8A-439E-88E1-D56B31E1EE36}.Release|Any CPU.ActiveCfg = Release|Any CPU
		{1CBA0892-0E8A-439E-88E1-D56B31E1EE36}.Release|Any CPU.Build.0 = Release|Any CPU
	EndGlobalSection
	GlobalSection(SolutionProperties) = preSolution
		HideSolutionNode = FALSE
	EndGlobalSection
	GlobalSection(ExtensibilityGlobals) = postSolution
		SolutionGuid = {7F09AF4C-1E4B-43CC-9242-2D01E391812C}
	EndGlobalSection
EndGlobal
